<?xml version="1.0" encoding="utf-8"?>
<Project ToolsVersion="4.0" xmlns="http://schemas.microsoft.com/developer/msbuild/2003">
  <ItemGroup>
    <Filter Include="源文件">
      <UniqueIdentifier>{4FC737F1-C7A5-4376-A066-2A32D752A2FF}</UniqueIdentifier>
      <Extensions>cpp;c;cc;cxx;def;odl;idl;hpj;bat;asm;asmx</Extensions>
    </Filter>
    <Filter Include="头文件">
      <UniqueIdentifier>{93995380-89BD-4b04-88EB-625FBE52EBFB}</UniqueIdentifier>
      <Extensions>h;hh;hpp;hxx;hm;inl;inc;xsd</Extensions>
    </Filter>
    <Filter Include="资源文件">
      <UniqueIdentifier>{67DA6AB6-F800-4c08-8B7A-83BB121AAD01}</UniqueIdentifier>
      <Extensions>rc;ico;cur;bmp;dlg;rc2;rct;bin;rgs;gif;jpg;jpeg;jpe;resx;tiff;tif;png;wav;mfcribbon-ms</Extensions>
    </Filter>
  </ItemGroup>
  <ItemGroup>
    <None Include="aclocal.m4" />
    <None Include="AUTHORS" />
    <None Include="ChangeLog" />
    <None Include="compile" />
    <None Include="config.guess" />
    <None Include="config.h.in" />
    <None Include="config.sub" />
    <None Include="configure" />
    <None Include="configure.ac" />
    <None Include="COPYING" />
    <None Include="depcomp" />
    <None Include="install-sh" />
    <None Include="Makefile.am" />
    <None Include="Makefile.in" />
    <None Include="memcached.spec" />
    <None Include="memcached_dtrace.d" />
    <None Include="missing" />
    <None Include="NEWS" />
    <None Include="README.md" />
    <None Include="version.m4" />
  </ItemGroup>
  <ItemGroup>
    <ClCompile Include="assoc.c">
      <Filter>源文件</Filter>
    </ClCompile>
    <ClCompile Include="cache.c">
      <Filter>源文件</Filter>
    </ClCompile>
    <ClCompile Include="daemon.c">
      <Filter>源文件</Filter>
    </ClCompile>
    <ClCompile Include="hash.c">
      <Filter>源文件</Filter>
    </ClCompile>
    <ClCompile Include="items.c">
      <Filter>源文件</Filter>
    </ClCompile>
    <ClCompile Include="jenkins_hash.c">
      <Filter>源文件</Filter>
    </ClCompile>
    <ClCompile Include="memcached.c">
      <Filter>源文件</Filter>
    </ClCompile>
    <ClCompile Include="murmur3_hash.c">
      <Filter>源文件</Filter>
    </ClCompile>
    <ClCompile Include="sasl_defs.c">
      <Filter>源文件</Filter>
    </ClCompile>
    <ClCompile Include="sizes.c">
      <Filter>源文件</Filter>
    </ClCompile>
    <ClCompile Include="slabs.c">
      <Filter>源文件</Filter>
    </ClCompile>
    <ClCompile Include="solaris_priv.c">
      <Filter>源文件</Filter>
    </ClCompile>
    <ClCompile Include="stats.c">
      <Filter>源文件</Filter>
    </ClCompile>
    <ClCompile Include="testapp.c">
      <Filter>源文件</Filter>
    </ClCompile>
    <ClCompile Include="thread.c">
      <Filter>源文件</Filter>
    </ClCompile>
    <ClCompile Include="timedrun.c">
      <Filter>源文件</Filter>
    </ClCompile>
    <ClCompile Include="util.c">
      <Filter>源文件</Filter>
    </ClCompile>
  </ItemGroup>
  <ItemGroup>
    <ClInclude Include="assoc.h">
      <Filter>头文件</Filter>
    </ClInclude>
    <ClInclude Include="cache.h">
      <Filter>头文件</Filter>
    </ClInclude>
    <ClInclude Include="hash.h">
      <Filter>头文件</Filter>
    </ClInclude>
    <ClInclude Include="items.h">
      <Filter>头文件</Filter>
    </ClInclude>
    <ClInclude Include="jenkins_hash.h">
      <Filter>头文件</Filter>
    </ClInclude>
    <ClInclude Include="memcached.h">
      <Filter>头文件</Filter>
    </ClInclude>
    <ClInclude Include="murmur3_hash.h">
      <Filter>头文件</Filter>
    </ClInclude>
    <ClInclude Include="protocol_binary.h">
      <Filter>头文件</Filter>
    </ClInclude>
    <ClInclude Include="sasl_defs.h">
      <Filter>头文件</Filter>
    </ClInclude>
    <ClInclude Include="slabs.h">
      <Filter>头文件</Filter>
    </ClInclude>
    <ClInclude Include="stats.h">
      <Filter>头文件</Filter>
    </ClInclude>
    <ClInclude Include="trace.h">
      <Filter>头文件</Filter>
    </ClInclude>
    <ClInclude Include="util.h">
      <Filter>头文件</Filter>
    </ClInclude>
  </ItemGroup>
</Project>